[[package]]
category = "main"
description = "Abseil Python Common Libraries, see https://github.com/abseil/abseil-py."
name = "absl-py"
optional = false
python-versions = "*"
version = "0.11.0"

[package.dependencies]
six = "*"

[package.source]
reference = "c99edd8e3dffe3667a9f086db86aa259927ac429"
type = "git"
url = "https://github.com/abseil/abseil-py.git"
[[package]]
category = "main"
description = "Python 2 and 3 compatibility utilities"
name = "six"
optional = false
python-versions = ">=2.7, !=3.0.*, !=3.1.*, !=3.2.*"
version = "1.15.0"

[[package]]
category = "main"
description = ""
develop = true
name = "subdir-package"
optional = false
python-versions = "^3.8"
version = "0.1.0"

[package.dependencies]
absl-py = "rev c99edd8e3dffe3667a9f086db86aa259927ac429"

[package.source]
reference = ""
type = "directory"
url = "subdir_package"

[metadata]
content-hash = "c8d4673e7fd227a8cfa81763e802c7dc27ddf7d51176bbcfa8781314597de85f"
lock-version = "1.0"
python-versions = "^3.8"

[metadata.files]
absl-py = []
six = [
    {file = "six-1.15.0-py2.py3-none-any.whl", hash = "sha256:8b74bedcbbbaca38ff6d7491d76f2b06b3592611af620f8426e82dddb04a5ced"},
    {file = "six-1.15.0.tar.gz", hash = "sha256:30639c035cdb23534cd4aa2dd52c3bf48f06e5f4a941509c8bafd8ce11080259"},
]
subdir-package = []
