[[package]]
name = "absl-py"
version = "0.11.0"
description = ""
category = "main"
optional = false
python-versions = "*"
develop = false

[package.dependencies]
six = "*"

[package.source]
type = "git"
url = "https://github.com/abseil/abseil-py.git"
reference = "c99edd8e3dffe3667a9f086db86aa259927ac429"
resolved_reference = "c99edd8e3dffe3667a9f086db86aa259927ac429"

[[package]]
name = "ota42y-python-package-test"
version = "0.1.0"
description = ""
category = "main"
optional = false
python-versions = ">=3.8,<4.0"

[package.dependencies]
absl-py = "rev c99edd8e3dffe3667a9f086db86aa259927ac429"

[package.source]
type = "file"
url = "../ota42y_python_package_test/dist/ota42y_python_package_test-0.1.0-py3-none-any.whl"

[metadata]
lock-version = "1.1"
python-versions = "^3.8"
content-hash = "d074279ff2de0ecfc07ed6bb1c43a01d6dea5aebd6714c99d606ea5a37ec2afc"

[metadata.files]
absl-py = []
ota42y-python-package-test = [
    {file = "ota42y_python_package_test-0.1.0-py3-none-any.whl", hash = "sha256:3f939912a606bf3d898b8b599b95757e417cadade3f04b4176cf0b958da098ae"},
]
